// !$*UTF8*$!
{
	archiveVersion = 1;
	classes = {
	};
	objectVersion = 56;
	objects = {

/* Begin PBXBuildFile section */
		62C90C682B6925DE001BD733 /* Sesi2StackLayoutFinalApp.swift in Sources */ = {isa = PBXBuildFile; fileRef = 62C90C672B6925DE001BD733 /* Sesi2StackLayoutFinalApp.swift */; };
		62C90C6A2B6925DE001BD733 /* ContentView.swift in Sources */ = {isa = PBXBuildFile; fileRef = 62C90C692B6925DE001BD733 /* ContentView.swift */; };
		62C90C6C2B6925DF001BD733 /* Assets.xcassets in Resources */ = {isa = PBXBuildFile; fileRef = 62C90C6B2B6925DF001BD733 /* Assets.xcassets */; };
		62C90C6F2B6925DF001BD733 /* Preview Assets.xcassets in Resources */ = {isa = PBXBuildFile; fileRef = 62C90C6E2B6925DF001BD733 /* Preview Assets.xcassets */; };
		62C90C7A2B6926D2001BD733 /* CardView.swift in Sources */ = {isa = PBXBuildFile; fileRef = 62C90C792B6926D2001BD733 /* CardView.swift */; };
		62C90C7C2B69299C001BD733 /* HeaderView.swift in Sources */ = {isa = PBXBuildFile; fileRef = 62C90C7B2B69299C001BD733 /* HeaderView.swift */; };
		62C90C7E2B692B4A001BD733 /* HorizontalView.swift in Sources */ = {isa = PBXBuildFile; fileRef = 62C90C7D2B692B4A001BD733 /* HorizontalView.swift */; };
		62C90C802B692BEB001BD733 /* RecommendedView.swift in Sources */ = {isa = PBXBuildFile; fileRef = 62C90C7F2B692BEB001BD733 /* RecommendedView.swift */; };
		62C90C822B692D4C001BD733 /* ProfilePictureView.swift in Sources */ = {isa = PBXBuildFile; fileRef = 62C90C812B692D4C001BD733 /* ProfilePictureView.swift */; };
/* End PBXBuildFile section */

/* Begin PBXFileReference section */
		62C90C642B6925DE001BD733 /* Sesi2StackLayoutFinal.app */ = {isa = PBXFileReference; explicitFileType = wrapper.application; includeInIndex = 0; path = Sesi2StackLayoutFinal.app; sourceTree = BUILT_PRODUCTS_DIR; };
		62C90C672B6925DE001BD733 /* Sesi2StackLayoutFinalApp.swift */ = {isa = PBXFileReference; lastKnownFileType = sourcecode.swift; path = Sesi2StackLayoutFinalApp.swift; sourceTree = "<group>"; };
		62C90C692B6925DE001BD733 /* ContentView.swift */ = {isa = PBXFileReference; lastKnownFileType = sourcecode.swift; path = ContentView.swift; sourceTree = "<group>"; };
		62C90C6B2B6925DF001BD733 /* Assets.xcassets */ = {isa = PBXFileReference; lastKnownFileType = folder.assetcatalog; path = Assets.xcassets; sourceTree = "<group>"; };
		62C90C6E2B6925DF001BD733 /* Preview Assets.xcassets */ = {isa = PBXFileReference; lastKnownFileType = folder.assetcatalog; path = "Preview Assets.xcassets"; sourceTree = "<group>"; };
		62C90C792B6926D2001BD733 /* CardView.swift */ = {isa = PBXFileReference; lastKnownFileType = sourcecode.swift; path = CardView.swift; sourceTree = "<group>"; };
		62C90C7B2B69299C001BD733 /* HeaderView.swift */ = {isa = PBXFileReference; lastKnownFileType = sourcecode.swift; path = HeaderView.swift; sourceTree = "<group>"; };
		62C90C7D2B692B4A001BD733 /* HorizontalView.swift */ = {isa = PBXFileReference; lastKnownFileType = sourcecode.swift; path = HorizontalView.swift; sourceTree = "<group>"; };
		62C90C7F2B692BEB001BD733 /* RecommendedView.swift */ = {isa = PBXFileReference; lastKnownFileType = sourcecode.swift; path = RecommendedView.swift; sourceTree = "<group>"; };
		62C90C812B692D4C001BD733 /* ProfilePictureView.swift */ = {isa = PBXFileReference; lastKnownFileType = sourcecode.swift; path = ProfilePictureView.swift; sourceTree = "<group>"; };
/* End PBXFileReference section */

/* Begin PBXFrameworksBuildPhase section */
		62C90C612B6925DE001BD733 /* Frameworks */ = {
			isa = PBXFrameworksBuildPhase;
			buildActionMask = 2147483647;
			files = (
			);
			runOnlyForDeploymentPostprocessing = 0;
		};
/* End PBXFrameworksBuildPhase section */

/* Begin PBXGroup section */
		62C90C5B2B6925DE001BD733 = {
			isa = PBXGroup;
			children = (
				62C90C662B6925DE001BD733 /* Sesi2StackLayoutFinal */,
				62C90C652B6925DE001BD733 /* Products */,
			);
			sourceTree = "<group>";
		};
		62C90C652B6925DE001BD733 /* Products */ = {
			isa = PBXGroup;
			children = (
				62C90C642B6925DE001BD733 /* Sesi2StackLayoutFinal.app */,
			);
			name = Products;
			sourceTree = "<group>";
		};
		62C90C662B6925DE001BD733 /* Sesi2StackLayoutFinal */ = {
			isa = PBXGroup;
			children = (
				62C90C782B69261A001BD733 /* Views */,
				62C90C772B692613001BD733 /* App */,
				62C90C762B692609001BD733 /* Resources */,
				62C90C752B6925FD001BD733 /* Components */,
				62C90C6D2B6925DF001BD733 /* Preview Content */,
			);
			path = Sesi2StackLayoutFinal;
			sourceTree = "<group>";
		};
		62C90C6D2B6925DF001BD733 /* Preview Content */ = {
			isa = PBXGroup;
			children = (
				62C90C6E2B6925DF001BD733 /* Preview Assets.xcassets */,
			);
			path = "Preview Content";
			sourceTree = "<group>";
		};
		62C90C752B6925FD001BD733 /* Components */ = {
			isa = PBXGroup;
			children = (
				62C90C792B6926D2001BD733 /* CardView.swift */,
			);
			path = Components;
			sourceTree = "<group>";
		};
		62C90C762B692609001BD733 /* Resources */ = {
			isa = PBXGroup;
			children = (
				62C90C6B2B6925DF001BD733 /* Assets.xcassets */,
			);
			path = Resources;
			sourceTree = "<group>";
		};
		62C90C772B692613001BD733 /* App */ = {
			isa = PBXGroup;
			children = (
				62C90C672B6925DE001BD733 /* Sesi2StackLayoutFinalApp.swift */,
			);
			path = App;
			sourceTree = "<group>";
		};
		62C90C782B69261A001BD733 /* Views */ = {
			isa = PBXGroup;
			children = (
				62C90C692B6925DE001BD733 /* ContentView.swift */,
				62C90C7B2B69299C001BD733 /* HeaderView.swift */,
				62C90C7D2B692B4A001BD733 /* HorizontalView.swift */,
				62C90C7F2B692BEB001BD733 /* RecommendedView.swift */,
				62C90C812B692D4C001BD733 /* ProfilePictureView.swift */,
			);
			path = Views;
			sourceTree = "<group>";
		};
/* End PBXGroup section */

/* Begin PBXNativeTarget section */
		62C90C632B6925DE001BD733 /* Sesi2StackLayoutFinal */ = {
			isa = PBXNativeTarget;
			buildConfigurationList = 62C90C722B6925DF001BD733 /* Build configuration list for PBXNativeTarget "Sesi2StackLayoutFinal" */;
			buildPhases = (
				62C90C602B6925DE001BD733 /* Sources */,
				62C90C612B6925DE001BD733 /* Frameworks */,
				62C90C622B6925DE001BD733 /* Resources */,
			);
			buildRules = (
			);
			dependencies = (
			);
			name = Sesi2StackLayoutFinal;
			productName = Sesi2StackLayoutFinal;
			productReference = 62C90C642B6925DE001BD733 /* Sesi2StackLayoutFinal.app */;
			productType = "com.apple.product-type.application";
		};
/* End PBXNativeTarget section */

/* Begin PBXProject section */
		62C90C5C2B6925DE001BD733 /* Project object */ = {
			isa = PBXProject;
			attributes = {
				BuildIndependentTargetsInParallel = 1;
				LastSwiftUpdateCheck = 1510;
				LastUpgradeCheck = 1510;
				TargetAttributes = {
					62C90C632B6925DE001BD733 = {
						CreatedOnToolsVersion = 15.1;
					};
				};
			};
			buildConfigurationList = 62C90C5F2B6925DE001BD733 /* Build configuration list for PBXProject "Sesi2StackLayoutFinal" */;
			compatibilityVersion = "Xcode 14.0";
			developmentRegion = en;
			hasScannedForEncodings = 0;
			knownRegions = (
				en,
				Base,
			);
			mainGroup = 62C90C5B2B6925DE001BD733;
			productRefGroup = 62C90C652B6925DE001BD733 /* Products */;
			projectDirPath = "";
			projectRoot = "";
			targets = (
				62C90C632B6925DE001BD733 /* Sesi2StackLayoutFinal */,
			);
		};
/* End PBXProject section */

/* Begin PBXResourcesBuildPhase section */
		62C90C622B6925DE001BD733 /* Resources */ = {
			isa = PBXResourcesBuildPhase;
			buildActionMask = 2147483647;
			files = (
				62C90C6F2B6925DF001BD733 /* Preview Assets.xcassets in Resources */,
				62C90C6C2B6925DF001BD733 /* Assets.xcassets in Resources */,
			);
			runOnlyForDeploymentPostprocessing = 0;
		};
/* End PBXResourcesBuildPhase section */

/* Begin PBXSourcesBuildPhase section */
		62C90C602B6925DE001BD733 /* Sources */ = {
			isa = PBXSourcesBuildPhase;
			buildActionMask = 2147483647;
			files = (
				62C90C6A2B6925DE001BD733 /* ContentView.swift in Sources */,
				62C90C822B692D4C001BD733 /* ProfilePictureView.swift in Sources */,
				62C90C7A2B6926D2001BD733 /* CardView.swift in Sources */,
				62C90C7E2B692B4A001BD733 /* HorizontalView.swift in Sources */,
				62C90C682B6925DE001BD733 /* Sesi2StackLayoutFinalApp.swift in Sources */,
				62C90C802B692BEB001BD733 /* RecommendedView.swift in Sources */,
				62C90C7C2B69299C001BD733 /* HeaderView.swift in Sources */,
			);
			runOnlyForDeploymentPostprocessing = 0;
		};
/* End PBXSourcesBuildPhase section */

/* Begin XCBuildConfiguration section */
		62C90C702B6925DF001BD733 /* Debug */ = {
			isa = XCBuildConfiguration;
			buildSettings = {
				ALWAYS_SEARCH_USER_PATHS = NO;
				ASSETCATALOG_COMPILER_GENERATE_SWIFT_ASSET_SYMBOL_EXTENSIONS = YES;
				CLANG_ANALYZER_NONNULL = YES;
				CLANG_ANALYZER_NUMBER_OBJECT_CONVERSION = YES_AGGRESSIVE;
				CLANG_CXX_LANGUAGE_STANDARD = "gnu++20";
				CLANG_ENABLE_MODULES = YES;
				CLANG_ENABLE_OBJC_ARC = YES;
				CLANG_ENABLE_OBJC_WEAK = YES;
				CLANG_WARN_BLOCK_CAPTURE_AUTORELEASING = YES;
				CLANG_WARN_BOOL_CONVERSION = YES;
				CLANG_WARN_COMMA = YES;
				CLANG_WARN_CONSTANT_CONVERSION = YES;
				CLANG_WARN_DEPRECATED_OBJC_IMPLEMENTATIONS = YES;
				CLANG_WARN_DIRECT_OBJC_ISA_USAGE = YES_ERROR;
				CLANG_WARN_DOCUMENTATION_COMMENTS = YES;
				CLANG_WARN_EMPTY_BODY = YES;
				CLANG_WARN_ENUM_CONVERSION = YES;
				CLANG_WARN_INFINITE_RECURSION = YES;
				CLANG_WARN_INT_CONVERSION = YES;
				CLANG_WARN_NON_LITERAL_NULL_CONVERSION = YES;
				CLANG_WARN_OBJC_IMPLICIT_RETAIN_SELF = YES;
				CLANG_WARN_OBJC_LITERAL_CONVERSION = YES;
				CLANG_WARN_OBJC_ROOT_CLASS = YES_ERROR;
				CLANG_WARN_QUOTED_INCLUDE_IN_FRAMEWORK_HEADER = YES;
				CLANG_WARN_RANGE_LOOP_ANALYSIS = YES;
				CLANG_WARN_STRICT_PROTOTYPES = YES;
				CLANG_WARN_SUSPICIOUS_MOVE = YES;
				CLANG_WARN_UNGUARDED_AVAILABILITY = YES_AGGRESSIVE;
				CLANG_WARN_UNREACHABLE_CODE = YES;
				CLANG_WARN__DUPLICATE_METHOD_MATCH = YES;
				COPY_PHASE_STRIP = NO;
				DEBUG_INFORMATION_FORMAT = dwarf;
				ENABLE_STRICT_OBJC_MSGSEND = YES;
				ENABLE_TESTABILITY = YES;
				ENABLE_USER_SCRIPT_SANDBOXING = YES;
				GCC_C_LANGUAGE_STANDARD = gnu17;
				GCC_DYNAMIC_NO_PIC = NO;
				GCC_NO_COMMON_BLOCKS = YES;
				GCC_OPTIMIZATION_LEVEL = 0;
				GCC_PREPROCESSOR_DEFINITIONS = (
					"DEBUG=1",
					"$(inherited)",
				);
				GCC_WARN_64_TO_32_BIT_CONVERSION = YES;
				GCC_WARN_ABOUT_RETURN_TYPE = YES_ERROR;
				GCC_WARN_UNDECLARED_SELECTOR = YES;
				GCC_WARN_UNINITIALIZED_AUTOS = YES_AGGRESSIVE;
				GCC_WARN_UNUSED_FUNCTION = YES;
				GCC_WARN_UNUSED_VARIABLE = YES;
				IPHONEOS_DEPLOYMENT_TARGET = 17.2;
				LOCALIZATION_PREFERS_STRING_CATALOGS = YES;
				MTL_ENABLE_DEBUG_INFO = INCLUDE_SOURCE;
				MTL_FAST_MATH = YES;
				ONLY_ACTIVE_ARCH = YES;
				SDKROOT = iphoneos;
				SWIFT_ACTIVE_COMPILATION_CONDITIONS = "DEBUG $(inherited)";
				SWIFT_OPTIMIZATION_LEVEL = "-Onone";
			};
			name = Debug;
		};
		62C90C712B6925DF001BD733 /* Release */ = {
			isa = XCBuildConfiguration;
			buildSettings = {
				ALWAYS_SEARCH_USER_PATHS = NO;
				ASSETCATALOG_COMPILER_GENERATE_SWIFT_ASSET_SYMBOL_EXTENSIONS = YES;
				CLANG_ANALYZER_NONNULL = YES;
				CLANG_ANALYZER_NUMBER_OBJECT_CONVERSION = YES_AGGRESSIVE;
				CLANG_CXX_LANGUAGE_STANDARD = "gnu++20";
				CLANG_ENABLE_MODULES = YES;
				CLANG_ENABLE_OBJC_ARC = YES;
				CLANG_ENABLE_OBJC_WEAK = YES;
				CLANG_WARN_BLOCK_CAPTURE_AUTORELEASING = YES;
				CLANG_WARN_BOOL_CONVERSION = YES;
				CLANG_WARN_COMMA = YES;
				CLANG_WARN_CONSTANT_CONVERSION = YES;
				CLANG_WARN_DEPRECATED_OBJC_IMPLEMENTATIONS = YES;
				CLANG_WARN_DIRECT_OBJC_ISA_USAGE = YES_ERROR;
				CLANG_WARN_DOCUMENTATION_COMMENTS = YES;
				CLANG_WARN_EMPTY_BODY = YES;
				CLANG_WARN_ENUM_CONVERSION = YES;
				CLANG_WARN_INFINITE_RECURSION = YES;
				CLANG_WARN_INT_CONVERSION = YES;
				CLANG_WARN_NON_LITERAL_NULL_CONVERSION = YES;
				CLANG_WARN_OBJC_IMPLICIT_RETAIN_SELF = YES;
				CLANG_WARN_OBJC_LITERAL_CONVERSION = YES;
				CLANG_WARN_OBJC_ROOT_CLASS = YES_ERROR;
				CLANG_WARN_QUOTED_INCLUDE_IN_FRAMEWORK_HEADER = YES;
				CLANG_WARN_RANGE_LOOP_ANALYSIS = YES;
				CLANG_WARN_STRICT_PROTOTYPES = YES;
				CLANG_WARN_SUSPICIOUS_MOVE = YES;
				CLANG_WARN_UNGUARDED_AVAILABILITY = YES_AGGRESSIVE;
				CLANG_WARN_UNREACHABLE_CODE = YES;
				CLANG_WARN__DUPLICATE_METHOD_MATCH = YES;
				COPY_PHASE_STRIP = NO;
				DEBUG_INFORMATION_FORMAT = "dwarf-with-dsym";
				ENABLE_NS_ASSERTIONS = NO;
				ENABLE_STRICT_OBJC_MSGSEND = YES;
				ENABLE_USER_SCRIPT_SANDBOXING = YES;
				GCC_C_LANGUAGE_STANDARD = gnu17;
				GCC_NO_COMMON_BLOCKS = YES;
				GCC_WARN_64_TO_32_BIT_CONVERSION = YES;
				GCC_WARN_ABOUT_RETURN_TYPE = YES_ERROR;
				GCC_WARN_UNDECLARED_SELECTOR = YES;
				GCC_WARN_UNINITIALIZED_AUTOS = YES_AGGRESSIVE;
				GCC_WARN_UNUSED_FUNCTION = YES;
				GCC_WARN_UNUSED_VARIABLE = YES;
				IPHONEOS_DEPLOYMENT_TARGET = 17.2;
				LOCALIZATION_PREFERS_STRING_CATALOGS = YES;
				MTL_ENABLE_DEBUG_INFO = NO;
				MTL_FAST_MATH = YES;
				SDKROOT = iphoneos;
				SWIFT_COMPILATION_MODE = wholemodule;
				VALIDATE_PRODUCT = YES;
			};
			name = Release;
		};
		62C90C732B6925DF001BD733 /* Debug */ = {
			isa = XCBuildConfiguration;
			buildSettings = {
				ASSETCATALOG_COMPILER_APPICON_NAME = AppIcon;
				ASSETCATALOG_COMPILER_GLOBAL_ACCENT_COLOR_NAME = AccentColor;
				CODE_SIGN_STYLE = Automatic;
				CURRENT_PROJECT_VERSION = 1;
				DEVELOPMENT_ASSET_PATHS = "\"Sesi2StackLayoutFinal/Preview Content\"";
				DEVELOPMENT_TEAM = FZ3YF5VBZ6;
				ENABLE_PREVIEWS = YES;
				GENERATE_INFOPLIST_FILE = YES;
				INFOPLIST_KEY_UIApplicationSceneManifest_Generation = YES;
				INFOPLIST_KEY_UIApplicationSupportsIndirectInputEvents = YES;
				INFOPLIST_KEY_UILaunchScreen_Generation = YES;
				INFOPLIST_KEY_UISupportedInterfaceOrientations_iPad = "UIInterfaceOrientationPortrait UIInterfaceOrientationPortraitUpsideDown UIInterfaceOrientationLandscapeLeft UIInterfaceOrientationLandscapeRight";
				INFOPLIST_KEY_UISupportedInterfaceOrientations_iPhone = "UIInterfaceOrientationPortrait UIInterfaceOrientationLandscapeLeft UIInterfaceOrientationLandscapeRight";
				LD_RUNPATH_SEARCH_PATHS = (
					"$(inherited)",
					"@executable_path/Frameworks",
				);
				MARKETING_VERSION = 1.0;
				PRODUCT_BUNDLE_IDENTIFIER = riza.Sesi2StackLayoutFinal;
				PRODUCT_NAME = "$(TARGET_NAME)";
				SWIFT_EMIT_LOC_STRINGS = YES;
				SWIFT_VERSION = 5.0;
				TARGETED_DEVICE_FAMILY = "1,2";
			};
			name = Debug;
		};
		62C90C742B6925DF001BD733 /* Release */ = {
			isa = XCBuildConfiguration;
			buildSettings = {
				ASSETCATALOG_COMPILER_APPICON_NAME = AppIcon;
				ASSETCATALOG_COMPILER_GLOBAL_ACCENT_COLOR_NAME = AccentColor;
				CODE_SIGN_STYLE = Automatic;
				CURRENT_PROJECT_VERSION = 1;
				DEVELOPMENT_ASSET_PATHS = "\"Sesi2StackLayoutFinal/Preview Content\"";
				DEVELOPMENT_TEAM = FZ3YF5VBZ6;
				ENABLE_PREVIEWS = YES;
				GENERATE_INFOPLIST_FILE = YES;
				INFOPLIST_KEY_UIApplicationSceneManifest_Generation = YES;
				INFOPLIST_KEY_UIApplicationSupportsIndirectInputEvents = YES;
				INFOPLIST_KEY_UILaunchScreen_Generation = YES;
				INFOPLIST_KEY_UISupportedInterfaceOrientations_iPad = "UIInterfaceOrientationPortrait UIInterfaceOrientationPortraitUpsideDown UIInterfaceOrientationLandscapeLeft UIInterfaceOrientationLandscapeRight";
				INFOPLIST_KEY_UISupportedInterfaceOrientations_iPhone = "UIInterfaceOrientationPortrait UIInterfaceOrientationLandscapeLeft UIInterfaceOrientationLandscapeRight";
				LD_RUNPATH_SEARCH_PATHS = (
					"$(inherited)",
					"@executable_path/Frameworks",
				);
				MARKETING_VERSION = 1.0;
				PRODUCT_BUNDLE_IDENTIFIER = riza.Sesi2StackLayoutFinal;
				PRODUCT_NAME = "$(TARGET_NAME)";
				SWIFT_EMIT_LOC_STRINGS = YES;
				SWIFT_VERSION = 5.0;
				TARGETED_DEVICE_FAMILY = "1,2";
			};
			name = Release;
		};
/* End XCBuildConfiguration section */

/* Begin XCConfigurationList section */
		62C90C5F2B6925DE001BD733 /* Build configuration list for PBXProject "Sesi2StackLayoutFinal" */ = {
			isa = XCConfigurationList;
			buildConfigurations = (
				62C90C702B6925DF001BD733 /* Debug */,
				62C90C712B6925DF001BD733 /* Release */,
			);
			defaultConfigurationIsVisible = 0;
			defaultConfigurationName = Release;
		};
		62C90C722B6925DF001BD733 /* Build configuration list for PBXNativeTarget "Sesi2StackLayoutFinal" */ = {
			isa = XCConfigurationList;
			buildConfigurations = (
				62C90C732B6925DF001BD733 /* Debug */,
				62C90C742B6925DF001BD733 /* Release */,
			);
			defaultConfigurationIsVisible = 0;
			defaultConfigurationName = Release;
		};
/* End XCConfigurationList section */
	};
	rootObject = 62C90C5C2B6925DE001BD733 /* Project object */;
}
